
Microsoft Visual Studio Solution File, Format Version 12.00
# Visual Studio Version 17
VisualStudioVersion = 17.5.002.0
MinimumVisualStudioVersion = 10.0.40219.1
Project("{2150E333-8FDC-42A3-9474-1A3956D46DE8}") = "csharp-prep", "csharp-prep", "{0A51DC82-5956-487C-AB3A-F67016D45EB8}"
EndProject
Project("{9A19103F-16F7-4668-BE54-9A1E7A4F7556}") = "Prep1", "csharp-prep\Prep1\Prep1.csproj", "{D0EF2047-A10B-4764-8581-CA5C67A6614C}"
EndProject
Project("{9A19103F-16F7-4668-BE54-9A1E7A4F7556}") = "Prep2", "csharp-prep\Prep2\Prep2.csproj", "{2076DE1C-0B77-47AB-A113-320E793BDAAB}"
EndProject
Project("{9A19103F-16F7-4668-BE54-9A1E7A4F7556}") = "Prep3", "csharp-prep\Prep3\Prep3.csproj", "{FD85FBBE-F551-4C38-8400-EF3E2CBEB206}"
EndProject
Project("{9A19103F-16F7-4668-BE54-9A1E7A4F7556}") = "Prep4", "csharp-prep\Prep4\Prep4.csproj", "{3389BC0D-70F1-4808-879F-D6243C1192ED}"
EndProject
Project("{9A19103F-16F7-4668-BE54-9A1E7A4F7556}") = "Prep5", "csharp-prep\Prep5\Prep5.csproj", "{7B0A98ED-A333-4DDD-A782-B2527DBDE5E4}"
EndProject
Project("{2150E333-8FDC-42A3-9474-1A3956D46DE8}") = "final", "final", "{BE180775-28D2-4C21-9BD9-7CCE765ADF8C}"
EndProject
Project("{9A19103F-16F7-4668-BE54-9A1E7A4F7556}") = "FinalProject", "final\FinalProject\FinalProject.csproj", "{F4A0AF8A-9688-48A1-83B3-9242FEEF9EA0}"
EndProject
Project("{9A19103F-16F7-4668-BE54-9A1E7A4F7556}") = "Foundation1", "final\Foundation1\Foundation1.csproj", "{5F887253-206B-4573-AE4E-39DFA04EF971}"
EndProject
Project("{9A19103F-16F7-4668-BE54-9A1E7A4F7556}") = "Foundation2", "final\Foundation2\Foundation2.csproj", "{3A2109CC-3F3D-4418-B0FD-D88B470EC9FA}"
EndProject
Project("{9A19103F-16F7-4668-BE54-9A1E7A4F7556}") = "Foundation3", "final\Foundation3\Foundation3.csproj", "{81D629B7-E695-4E78-8918-BACC9B32E71B}"
EndProject
Project("{9A19103F-16F7-4668-BE54-9A1E7A4F7556}") = "Foundation4", "final\Foundation4\Foundation4.csproj", "{00996730-DF67-45D3-8890-5EA1CE8EA82B}"
EndProject
Project("{2150E333-8FDC-42A3-9474-1A3956D46DE8}") = "prepare", "prepare", "{8A4AFCDC-240C-461E-AF49-C3762EE07C6D}"
EndProject
Project("{9A19103F-16F7-4668-BE54-9A1E7A4F7556}") = "Learning02", "prepare\Learning02\Learning02.csproj", "{5124DA5D-60F2-4638-A860-0A299E166CAD}"
EndProject
Project("{9A19103F-16F7-4668-BE54-9A1E7A4F7556}") = "Learning03", "prepare\Learning03\Learning03.csproj", "{D0C68C9E-4990-4BAF-87F7-7F38503D17B8}"
EndProject
Project("{9A19103F-16F7-4668-BE54-9A1E7A4F7556}") = "Learning04", "prepare\Learning04\Learning04.csproj", "{82193D5A-8459-4CBE-BC4A-1540C58F635D}"
EndProject
Project("{9A19103F-16F7-4668-BE54-9A1E7A4F7556}") = "Learning05", "prepare\Learning05\Learning05.csproj", "{D8E6FEA1-5F8B-493A-B30F-8F7F002CC0DE}"
EndProject
Project("{2150E333-8FDC-42A3-9474-1A3956D46DE8}") = "prove", "prove", "{CE19E773-AF02-4DAA-9EF8-53F90F930668}"
EndProject
Project("{9A19103F-16F7-4668-BE54-9A1E7A4F7556}") = "Develop02", "prove\Develop02\Develop02.csproj", "{33F5431F-498C-4BBB-9AC3-677501E9B4FB}"
EndProject
Project("{9A19103F-16F7-4668-BE54-9A1E7A4F7556}") = "Develop03", "prove\Develop03\Develop03.csproj", "{11D31F72-9046-4EC1-A371-5F3F8B44AD2D}"
EndProject
Project("{9A19103F-16F7-4668-BE54-9A1E7A4F7556}") = "Develop04", "prove\Develop04\Develop04.csproj", "{A0325103-84E4-47B9-8BEF-3A44A40F849F}"
EndProject
Project("{9A19103F-16F7-4668-BE54-9A1E7A4F7556}") = "Develop05", "prove\Develop05\Develop05.csproj", "{8BE67433-1A87-4B9D-B6B9-C5C774B0A5CA}"
EndProject
Project("{2150E333-8FDC-42A3-9474-1A3956D46DE8}") = "sandbox", "sandbox", "{2139918F-99A0-4716-B205-6FDC79ADF0E0}"
EndProject
Project("{9A19103F-16F7-4668-BE54-9A1E7A4F7556}") = "Sandbox", "sandbox\Sandbox\Sandbox.csproj", "{90F6C53B-2E7D-4CF8-BB12-57E06E581B21}"
EndProject
Global
	GlobalSection(SolutionConfigurationPlatforms) = preSolution
		Debug|Any CPU = Debug|Any CPU
		Release|Any CPU = Release|Any CPU
	EndGlobalSection
	GlobalSection(ProjectConfigurationPlatforms) = postSolution
		{D0EF2047-A10B-4764-8581-CA5C67A6614C}.Debug|Any CPU.ActiveCfg = Debug|Any CPU
		{D0EF2047-A10B-4764-8581-CA5C67A6614C}.Debug|Any CPU.Build.0 = Debug|Any CPU
		{D0EF2047-A10B-4764-8581-CA5C67A6614C}.Release|Any CPU.ActiveCfg = Release|Any CPU
		{D0EF2047-A10B-4764-8581-CA5C67A6614C}.Release|Any CPU.Build.0 = Release|Any CPU
		{2076DE1C-0B77-47AB-A113-320E793BDAAB}.Debug|Any CPU.ActiveCfg = Debug|Any CPU
		{2076DE1C-0B77-47AB-A113-320E793BDAAB}.Debug|Any CPU.Build.0 = Debug|Any CPU
		{2076DE1C-0B77-47AB-A113-320E793BDAAB}.Release|Any CPU.ActiveCfg = Release|Any CPU
		{2076DE1C-0B77-47AB-A113-320E793BDAAB}.Release|Any CPU.Build.0 = Release|Any CPU
		{FD85FBBE-F551-4C38-8400-EF3E2CBEB206}.Debug|Any CPU.ActiveCfg = Debug|Any CPU
		{FD85FBBE-F551-4C38-8400-EF3E2CBEB206}.Debug|Any CPU.Build.0 = Debug|Any CPU
		{FD85FBBE-F551-4C38-8400-EF3E2CBEB206}.Release|Any CPU.ActiveCfg = Release|Any CPU
		{FD85FBBE-F551-4C38-8400-EF3E2CBEB206}.Release|Any CPU.Build.0 = Release|Any CPU
		{3389BC0D-70F1-4808-879F-D6243C1192ED}.Debug|Any CPU.ActiveCfg = Debug|Any CPU
		{3389BC0D-70F1-4808-879F-D6243C1192ED}.Debug|Any CPU.Build.0 = Debug|Any CPU
		{3389BC0D-70F1-4808-879F-D6243C1192ED}.Release|Any CPU.ActiveCfg = Release|Any CPU
		{3389BC0D-70F1-4808-879F-D6243C1192ED}.Release|Any CPU.Build.0 = Release|Any CPU
		{7B0A98ED-A333-4DDD-A782-B2527DBDE5E4}.Debug|Any CPU.ActiveCfg = Debug|Any CPU
		{7B0A98ED-A333-4DDD-A782-B2527DBDE5E4}.Debug|Any CPU.Build.0 = Debug|Any CPU
		{7B0A98ED-A333-4DDD-A782-B2527DBDE5E4}.Release|Any CPU.ActiveCfg = Release|Any CPU
		{7B0A98ED-A333-4DDD-A782-B2527DBDE5E4}.Release|Any CPU.Build.0 = Release|Any CPU
		{F4A0AF8A-9688-48A1-83B3-9242FEEF9EA0}.Debug|Any CPU.ActiveCfg = Debug|Any CPU
		{F4A0AF8A-9688-48A1-83B3-9242FEEF9EA0}.Debug|Any CPU.Build.0 = Debug|Any CPU
		{F4A0AF8A-9688-48A1-83B3-9242FEEF9EA0}.Release|Any CPU.ActiveCfg = Release|Any CPU
		{F4A0AF8A-9688-48A1-83B3-9242FEEF9EA0}.Release|Any CPU.Build.0 = Release|Any CPU
		{5F887253-206B-4573-AE4E-39DFA04EF971}.Debug|Any CPU.ActiveCfg = Debug|Any CPU
		{5F887253-206B-4573-AE4E-39DFA04EF971}.Debug|Any CPU.Build.0 = Debug|Any CPU
		{5F887253-206B-4573-AE4E-39DFA04EF971}.Release|Any CPU.ActiveCfg = Release|Any CPU
		{5F887253-206B-4573-AE4E-39DFA04EF971}.Release|Any CPU.Build.0 = Release|Any CPU
		{3A2109CC-3F3D-4418-B0FD-D88B470EC9FA}.Debug|Any CPU.ActiveCfg = Debug|Any CPU
		{3A2109CC-3F3D-4418-B0FD-D88B470EC9FA}.Debug|Any CPU.Build.0 = Debug|Any CPU
		{3A2109CC-3F3D-4418-B0FD-D88B470EC9FA}.Release|Any CPU.ActiveCfg = Release|Any CPU
		{3A2109CC-3F3D-4418-B0FD-D88B470EC9FA}.Release|Any CPU.Build.0 = Release|Any CPU
		{81D629B7-E695-4E78-8918-BACC9B32E71B}.Debug|Any CPU.ActiveCfg = Debug|Any CPU
		{81D629B7-E695-4E78-8918-BACC9B32E71B}.Debug|Any CPU.Build.0 = Debug|Any CPU
		{81D629B7-E695-4E78-8918-BACC9B32E71B}.Release|Any CPU.ActiveCfg = Release|Any CPU
		{81D629B7-E695-4E78-8918-BACC9B32E71B}.Release|Any CPU.Build.0 = Release|Any CPU
		{00996730-DF67-45D3-8890-5EA1CE8EA82B}.Debug|Any CPU.ActiveCfg = Debug|Any CPU
		{00996730-DF67-45D3-8890-5EA1CE8EA82B}.Debug|Any CPU.Build.0 = Debug|Any CPU
		{00996730-DF67-45D3-8890-5EA1CE8EA82B}.Release|Any CPU.ActiveCfg = Release|Any CPU
		{00996730-DF67-45D3-8890-5EA1CE8EA82B}.Release|Any CPU.Build.0 = Release|Any CPU
		{5124DA5D-60F2-4638-A860-0A299E166CAD}.Debug|Any CPU.ActiveCfg = Debug|Any CPU
		{5124DA5D-60F2-4638-A860-0A299E166CAD}.Debug|Any CPU.Build.0 = Debug|Any CPU
		{5124DA5D-60F2-4638-A860-0A299E166CAD}.Release|Any CPU.ActiveCfg = Release|Any CPU
		{5124DA5D-60F2-4638-A860-0A299E166CAD}.Release|Any CPU.Build.0 = Release|Any CPU
		{D0C68C9E-4990-4BAF-87F7-7F38503D17B8}.Debug|Any CPU.ActiveCfg = Debug|Any CPU
		{D0C68C9E-4990-4BAF-87F7-7F38503D17B8}.Debug|Any CPU.Build.0 = Debug|Any CPU
		{D0C68C9E-4990-4BAF-87F7-7F38503D17B8}.Release|Any CPU.ActiveCfg = Release|Any CPU
		{D0C68C9E-4990-4BAF-87F7-7F38503D17B8}.Release|Any CPU.Build.0 = Release|Any CPU
		{82193D5A-8459-4CBE-BC4A-1540C58F635D}.Debug|Any CPU.ActiveCfg = Debug|Any CPU
		{82193D5A-8459-4CBE-BC4A-1540C58F635D}.Debug|Any CPU.Build.0 = Debug|Any CPU
		{82193D5A-8459-4CBE-BC4A-1540C58F635D}.Release|Any CPU.ActiveCfg = Release|Any CPU
		{82193D5A-8459-4CBE-BC4A-1540C58F635D}.Release|Any CPU.Build.0 = Release|Any CPU
		{D8E6FEA1-5F8B-493A-B30F-8F7F002CC0DE}.Debug|Any CPU.ActiveCfg = Debug|Any CPU
		{D8E6FEA1-5F8B-493A-B30F-8F7F002CC0DE}.Debug|Any CPU.Build.0 = Debug|Any CPU
		{D8E6FEA1-5F8B-493A-B30F-8F7F002CC0DE}.Release|Any CPU.ActiveCfg = Release|Any CPU
		{D8E6FEA1-5F8B-493A-B30F-8F7F002CC0DE}.Release|Any CPU.Build.0 = Release|Any CPU
		{33F5431F-498C-4BBB-9AC3-677501E9B4FB}.Debug|Any CPU.ActiveCfg = Debug|Any CPU
		{33F5431F-498C-4BBB-9AC3-677501E9B4FB}.Debug|Any CPU.Build.0 = Debug|Any CPU
		{33F5431F-498C-4BBB-9AC3-677501E9B4FB}.Release|Any CPU.ActiveCfg = Release|Any CPU
		{33F5431F-498C-4BBB-9AC3-677501E9B4FB}.Release|Any CPU.Build.0 = Release|Any CPU
		{11D31F72-9046-4EC1-A371-5F3F8B44AD2D}.Debug|Any CPU.ActiveCfg = Debug|Any CPU
		{11D31F72-9046-4EC1-A371-5F3F8B44AD2D}.Debug|Any CPU.Build.0 = Debug|Any CPU
		{11D31F72-9046-4EC1-A371-5F3F8B44AD2D}.Release|Any CPU.ActiveCfg = Release|Any CPU
		{11D31F72-9046-4EC1-A371-5F3F8B44AD2D}.Release|Any CPU.Build.0 = Release|Any CPU
		{A0325103-84E4-47B9-8BEF-3A44A40F849F}.Debug|Any CPU.ActiveCfg = Debug|Any CPU
		{A0325103-84E4-47B9-8BEF-3A44A40F849F}.Debug|Any CPU.Build.0 = Debug|Any CPU
		{A0325103-84E4-47B9-8BEF-3A44A40F849F}.Release|Any CPU.ActiveCfg = Release|Any CPU
		{A0325103-84E4-47B9-8BEF-3A44A40F849F}.Release|Any CPU.Build.0 = Release|Any CPU
		{8BE67433-1A87-4B9D-B6B9-C5C774B0A5CA}.Debug|Any CPU.ActiveCfg = Debug|Any CPU
		{8BE67433-1A87-4B9D-B6B9-C5C774B0A5CA}.Debug|Any CPU.Build.0 = Debug|Any CPU
		{8BE67433-1A87-4B9D-B6B9-C5C774B0A5CA}.Release|Any CPU.ActiveCfg = Release|Any CPU
		{8BE67433-1A87-4B9D-B6B9-C5C774B0A5CA}.Release|Any CPU.Build.0 = Release|Any CPU
		{90F6C53B-2E7D-4CF8-BB12-57E06E581B21}.Debug|Any CPU.ActiveCfg = Debug|Any CPU
		{90F6C53B-2E7D-4CF8-BB12-57E06E581B21}.Debug|Any CPU.Build.0 = Debug|Any CPU
		{90F6C53B-2E7D-4CF8-BB12-57E06E581B21}.Release|Any CPU.ActiveCfg = Release|Any CPU
		{90F6C53B-2E7D-4CF8-BB12-57E06E581B21}.Release|Any CPU.Build.0 = Release|Any CPU
	EndGlobalSection
	GlobalSection(SolutionProperties) = preSolution
		HideSolutionNode = FALSE
	EndGlobalSection
	GlobalSection(NestedProjects) = preSolution
		{D0EF2047-A10B-4764-8581-CA5C67A6614C} = {0A51DC82-5956-487C-AB3A-F67016D45EB8}
		{2076DE1C-0B77-47AB-A113-320E793BDAAB} = {0A51DC82-5956-487C-AB3A-F67016D45EB8}
		{FD85FBBE-F551-4C38-8400-EF3E2CBEB206} = {0A51DC82-5956-487C-AB3A-F67016D45EB8}
		{3389BC0D-70F1-4808-879F-D6243C1192ED} = {0A51DC82-5956-487C-AB3A-F67016D45EB8}
		{7B0A98ED-A333-4DDD-A782-B2527DBDE5E4} = {0A51DC82-5956-487C-AB3A-F67016D45EB8}
		{F4A0AF8A-9688-48A1-83B3-9242FEEF9EA0} = {BE180775-28D2-4C21-9BD9-7CCE765ADF8C}
		{5F887253-206B-4573-AE4E-39DFA04EF971} = {BE180775-28D2-4C21-9BD9-7CCE765ADF8C}
		{3A2109CC-3F3D-4418-B0FD-D88B470EC9FA} = {BE180775-28D2-4C21-9BD9-7CCE765ADF8C}
		{81D629B7-E695-4E78-8918-BACC9B32E71B} = {BE180775-28D2-4C21-9BD9-7CCE765ADF8C}
		{00996730-DF67-45D3-8890-5EA1CE8EA82B} = {BE180775-28D2-4C21-9BD9-7CCE765ADF8C}
		{5124DA5D-60F2-4638-A860-0A299E166CAD} = {8A4AFCDC-240C-461E-AF49-C3762EE07C6D}
		{D0C68C9E-4990-4BAF-87F7-7F38503D17B8} = {8A4AFCDC-240C-461E-AF49-C3762EE07C6D}
		{82193D5A-8459-4CBE-BC4A-1540C58F635D} = {8A4AFCDC-240C-461E-AF49-C3762EE07C6D}
		{D8E6FEA1-5F8B-493A-B30F-8F7F002CC0DE} = {8A4AFCDC-240C-461E-AF49-C3762EE07C6D}
		{33F5431F-498C-4BBB-9AC3-677501E9B4FB} = {CE19E773-AF02-4DAA-9EF8-53F90F930668}
		{11D31F72-9046-4EC1-A371-5F3F8B44AD2D} = {CE19E773-AF02-4DAA-9EF8-53F90F930668}
		{A0325103-84E4-47B9-8BEF-3A44A40F849F} = {CE19E773-AF02-4DAA-9EF8-53F90F930668}
		{8BE67433-1A87-4B9D-B6B9-C5C774B0A5CA} = {CE19E773-AF02-4DAA-9EF8-53F90F930668}
		{90F6C53B-2E7D-4CF8-BB12-57E06E581B21} = {2139918F-99A0-4716-B205-6FDC79ADF0E0}
	EndGlobalSection
	GlobalSection(ExtensibilityGlobals) = postSolution
		SolutionGuid = {B10DF147-7C3F-4DDD-BC38-62D5C95D1229}
	EndGlobalSection
EndGlobal
